<?xml version="1.0" encoding="utf-8"?>
<Project xmlns="http://schemas.microsoft.com/developer/msbuild/2003">
  <ItemGroup>
    <Filter Include="Header Files">
      <UniqueIdentifier>{93995380-89BD-4b04-88EB-625FBE52EBFB}</UniqueIdentifier>
      <Extensions>h;hpp;hxx;hm;inl;inc;xsd</Extensions>
    </Filter>
    <Filter Include="Header Files">
      <UniqueIdentifier>{93995380-89BD-4b04-88EB-625FBE52EBFB}</UniqueIdentifier>
      <Extensions>h;hpp;hxx;hm;inl;inc;xsd</Extensions>
    </Filter>
    <Filter Include="Source Files">
      <UniqueIdentifier>{4FC737F1-C7A5-4376-A066-2A32D752A2FF}</UniqueIdentifier>
      <Extensions>cpp;c;cxx;def;odl;idl;hpj;bat;asm;asmx</Extensions>
    </Filter>
    <Filter Include="Source Files">
      <UniqueIdentifier>{4FC737F1-C7A5-4376-A066-2A32D752A2FF}</UniqueIdentifier>
      <Extensions>cpp;c;cxx;def;odl;idl;hpj;bat;asm;asmx</Extensions>
    </Filter>
    <Filter Include="Distribution Files">
      <UniqueIdentifier>{B83CAF91-C7BF-462F-B76C-EA11631F866C}</UniqueIdentifier>
      <Extensions>*</Extensions>
      <ParseFiles>false</ParseFiles>
    </Filter>
    <Filter Include="Distribution Files">
      <UniqueIdentifier>{B83CAF91-C7BF-462F-B76C-EA11631F866C}</UniqueIdentifier>
      <Extensions>*</Extensions>
      <ParseFiles>false</ParseFiles>
    </Filter>
  </ItemGroup>
  <ItemGroup>
    <ClCompile Include="engine\render\animation\animation2d.cpp">
      <Filter>Source Files</Filter>
    </ClCompile>
    <ClCompile Include="engine\render\vertices\blockvertices.cpp">
      <Filter>Source Files</Filter>
    </ClCompile>
    <ClCompile Include="engine\camera\camera.cpp">
      <Filter>Source Files</Filter>
    </ClCompile>
    <ClCompile Include="engine\primitives\cube.cpp">
      <Filter>Source Files</Filter>
    </ClCompile>
    <ClCompile Include="scripts\enemy.cpp">
      <Filter>Source Files</Filter>
    </ClCompile>
    <ClCompile Include="engine\gameobject\gameobject.cpp">
      <Filter>Source Files</Filter>
    </ClCompile>
    <ClCompile Include="engine\input\keyboard.cpp">
      <Filter>Source Files</Filter>
    </ClCompile>
    <ClCompile Include="main.cpp">
      <Filter>Source Files</Filter>
    </ClCompile>
    <ClCompile Include="engine\input\mouse.cpp">
      <Filter>Source Files</Filter>
    </ClCompile>
    <ClCompile Include="engine\file\path.cpp">
      <Filter>Source Files</Filter>
    </ClCompile>
    <ClCompile Include="scripts\player.cpp">
      <Filter>Source Files</Filter>
    </ClCompile>
    <ClCompile Include="engine\render\render.cpp">
      <Filter>Source Files</Filter>
    </ClCompile>
    <ClCompile Include="engine\render\renderobject.cpp">
      <Filter>Source Files</Filter>
    </ClCompile>
    <ClCompile Include="engine\components\renderobjectcomponent.cpp">
      <Filter>Source Files</Filter>
    </ClCompile>
    <ClCompile Include="engine\gameobject\scenecreator.cpp">
      <Filter>Source Files</Filter>
    </ClCompile>
    <ClCompile Include="scripts\scenefolder.cpp">
      <Filter>Source Files</Filter>
    </ClCompile>
    <ClCompile Include="engine\render\shader\shader.cpp">
      <Filter>Source Files</Filter>
    </ClCompile>
    <ClCompile Include="engine\primitives\sprite.cpp">
      <Filter>Source Files</Filter>
    </ClCompile>
    <ClCompile Include="engine\render\vertices\spritevertices.cpp">
      <Filter>Source Files</Filter>
    </ClCompile>
    <ClCompile Include="engine\render\texture\texture.cpp">
      <Filter>Source Files</Filter>
    </ClCompile>
    <ClCompile Include="engine\render\texture\tilesettexture.cpp">
      <Filter>Source Files</Filter>
    </ClCompile>
    <ClCompile Include="engine\time\time.cpp">
      <Filter>Source Files</Filter>
    </ClCompile>
    <ClCompile Include="engine\transform\transform.cpp">
      <Filter>Source Files</Filter>
    </ClCompile>
    <ClCompile Include="engine\render\vertices\vertexatrribute.cpp">
      <Filter>Source Files</Filter>
    </ClCompile>
    <ClCompile Include="engine\render\vertices\vertexbuffers.cpp">
      <Filter>Source Files</Filter>
    </ClCompile>
    <ClCompile Include="scripts\wall.cpp">
      <Filter>Source Files</Filter>
    </ClCompile>
    <ClCompile Include="engine\render\window.cpp">
      <Filter>Source Files</Filter>
    </ClCompile>
    <ClCompile Include="engine\components\physicsworldcomponent.cpp">
      <Filter>Source Files</Filter>
    </ClCompile>
    <ClCompile Include="engine\components\rigidbodycomponent.cpp">
      <Filter>Source Files</Filter>
    </ClCompile>
    <ClCompile Include="engine\render\light\light.cpp">
      <Filter>Source Files</Filter>
    </ClCompile>
    <ClCompile Include="scripts\lightsource.cpp">
      <Filter>Source Files</Filter>
    </ClCompile>
  </ItemGroup>
  <ItemGroup>
    <ClInclude Include="engine\components\IComponent.h">
      <Filter>Header Files</Filter>
    </ClInclude>
    <ClInclude Include="engine\render\vertices\IVertices.h">
      <Filter>Header Files</Filter>
    </ClInclude>
    <ClInclude Include="engine\render\animation\animation2d.h">
      <Filter>Header Files</Filter>
    </ClInclude>
    <ClInclude Include="engine\render\animation\animator.h">
      <Filter>Header Files</Filter>
    </ClInclude>
    <ClInclude Include="engine\render\vertices\blockvertices.h">
      <Filter>Header Files</Filter>
    </ClInclude>
    <ClInclude Include="engine\camera\camera.h">
      <Filter>Header Files</Filter>
    </ClInclude>
    <ClInclude Include="scripts\character.h">
      <Filter>Header Files</Filter>
    </ClInclude>
    <ClInclude Include="engine\primitives\cube.h">
      <Filter>Header Files</Filter>
    </ClInclude>
    <ClInclude Include="scripts\enemy.h">
      <Filter>Header Files</Filter>
    </ClInclude>
    <ClInclude Include="engine\gameobject\gameobject.h">
      <Filter>Header Files</Filter>
    </ClInclude>
    <ClInclude Include="libs\ini.h">
      <Filter>Header Files</Filter>
    </ClInclude>
    <ClInclude Include="engine\input\keyboard.h">
      <Filter>Header Files</Filter>
    </ClInclude>
    <ClInclude Include="engine\input\mouse.h">
      <Filter>Header Files</Filter>
    </ClInclude>
    <ClInclude Include="engine\file\path.h">
      <Filter>Header Files</Filter>
    </ClInclude>
    <ClInclude Include="scripts\player.h">
      <Filter>Header Files</Filter>
    </ClInclude>
    <ClInclude Include="engine\render\render.h">
      <Filter>Header Files</Filter>
    </ClInclude>
    <ClInclude Include="engine\render\renderobject.h">
      <Filter>Header Files</Filter>
    </ClInclude>
    <ClInclude Include="engine\components\renderobjectcomponent.h">
      <Filter>Header Files</Filter>
    </ClInclude>
    <ClInclude Include="engine\gameobject\scenecreator.h">
      <Filter>Header Files</Filter>
    </ClInclude>
    <ClInclude Include="scripts\scenefolder.h">
      <Filter>Header Files</Filter>
    </ClInclude>
    <ClInclude Include="engine\render\shader\shader.h">
      <Filter>Header Files</Filter>
    </ClInclude>
    <ClInclude Include="engine\primitives\sprite.h">
      <Filter>Header Files</Filter>
    </ClInclude>
    <ClInclude Include="engine\render\vertices\spritevertices.h">
      <Filter>Header Files</Filter>
    </ClInclude>
    <ClInclude Include="libs\stb_image.h">
      <Filter>Header Files</Filter>
    </ClInclude>
    <ClInclude Include="engine\render\texture\texture.h">
      <Filter>Header Files</Filter>
    </ClInclude>
    <ClInclude Include="engine\render\texture\tilesettexture.h">
      <Filter>Header Files</Filter>
    </ClInclude>
    <ClInclude Include="engine\time\time.h">
      <Filter>Header Files</Filter>
    </ClInclude>
    <ClInclude Include="engine\transform\transform.h">
      <Filter>Header Files</Filter>
    </ClInclude>
    <ClInclude Include="libs\vectorsconventers.h">
      <Filter>Header Files</Filter>
    </ClInclude>
    <ClInclude Include="engine\render\vertices\vertexatrribute.h">
      <Filter>Header Files</Filter>
    </ClInclude>
    <ClInclude Include="engine\render\vertices\vertexbuffers.h">
      <Filter>Header Files</Filter>
    </ClInclude>
    <ClInclude Include="scripts\wall.h">
      <Filter>Header Files</Filter>
    </ClInclude>
    <ClInclude Include="engine\render\window.h">
      <Filter>Header Files</Filter>
    </ClInclude>
    <ClInclude Include="engine\components\physicsworldcomponent.h">
      <Filter>Header Files</Filter>
    </ClInclude>
    <ClInclude Include="engine\components\rigidbodycomponent.h">
      <Filter>Header Files</Filter>
    </ClInclude>
    <ClInclude Include="engine\render\light\light.h">
      <Filter>Header Files</Filter>
    </ClInclude>
    <ClInclude Include="scripts\lightsource.h">
      <Filter>Header Files</Filter>
    </ClInclude>
  </ItemGroup>
  <ItemGroup>
    <None Include="libs\glm\glm\CMakeLists.txt">
      <Filter>Distribution Files</Filter>
    </None>
    <None Include="libs\LICENSE">
      <Filter>Distribution Files</Filter>
    </None>
  </ItemGroup>
</Project>